
Microsoft Visual Studio Solution File, Format Version 12.00
# Visual Studio Version 16
VisualStudioVersion = 16.0.30611.23
MinimumVisualStudioVersion = 10.0.40219.1
Project("{FAE04EC0-301F-11D3-BF4B-00C04F79EFBC}") = "App", "App\App.csproj", "{58E49D4E-D3CC-42AD-9671-F53CFBCD7680}"
EndProject
Project("{FAE04EC0-301F-11D3-BF4B-00C04F79EFBC}") = "App.Tests", "App.Tests\App.Tests.csproj", "{830B1A45-3760-410F-A436-C4C99B8FCA60}"
EndProject
Global
	GlobalSection(SolutionConfigurationPlatforms) = preSolution
		Debug|Any CPU = Debug|Any CPU
		Release|Any CPU = Release|Any CPU
	EndGlobalSection
	GlobalSection(ProjectConfigurationPlatforms) = postSolution
		{58E49D4E-D3CC-42AD-9671-F53CFBCD7680}.Debug|Any CPU.ActiveCfg = Debug|Any CPU
		{58E49D4E-D3CC-42AD-9671-F53CFBCD7680}.Debug|Any CPU.Build.0 = Debug|Any CPU
		{58E49D4E-D3CC-42AD-9671-F53CFBCD7680}.Release|Any CPU.ActiveCfg = Release|Any CPU
		{58E49D4E-D3CC-42AD-9671-F53CFBCD7680}.Release|Any CPU.Build.0 = Release|Any CPU
		{830B1A45-3760-410F-A436-C4C99B8FCA60}.Debug|Any CPU.ActiveCfg = Debug|Any CPU
		{830B1A45-3760-410F-A436-C4C99B8FCA60}.Debug|Any CPU.Build.0 = Debug|Any CPU
		{830B1A45-3760-410F-A436-C4C99B8FCA60}.Release|Any CPU.ActiveCfg = Release|Any CPU
		{830B1A45-3760-410F-A436-C4C99B8FCA60}.Release|Any CPU.Build.0 = Release|Any CPU
	EndGlobalSection
	GlobalSection(SolutionProperties) = preSolution
		HideSolutionNode = FALSE
	EndGlobalSection
	GlobalSection(ExtensibilityGlobals) = postSolution
		SolutionGuid = {AE71BD76-15C9-4107-B6E8-48A254805DDA}
	EndGlobalSection
EndGlobal
